
Microsoft Visual Studio Solution File, Format Version 12.00
# Visual Studio Version 16
VisualStudioVersion = 16.0.31025.194
MinimumVisualStudioVersion = 10.0.40219.1
Project("{8BC9CEB8-8B4A-11D0-8D11-00A0C91BC942}") = "Dynamic_Arrays", "Dynamic_Arrays\Dynamic_Arrays.vcxproj", "{96F46061-00E3-4D1A-8DF5-2C3D5F4F158C}"
EndProject
Project("{8BC9CEB8-8B4A-11D0-8D11-00A0C91BC942}") = "NULL_TerminatedLines", "NULL_TerminatedLines\NULL_TerminatedLines.vcxproj", "{274C4224-820B-4C04-A134-509D2E96D463}"
EndProject
Project("{8BC9CEB8-8B4A-11D0-8D11-00A0C91BC942}") = "StandartStringOperations", "StandartStringOperations\StandartStringOperations.vcxproj", "{3C53AB49-9C17-467C-9949-C4D5F6AA25AB}"
EndProject
Project("{8BC9CEB8-8B4A-11D0-8D11-00A0C91BC942}") = "Recursion", "Recursion\Recursion.vcxproj", "{FB0693C0-2AB0-41A7-8C67-C4B7F7B8B942}"
EndProject
Project("{8BC9CEB8-8B4A-11D0-8D11-00A0C91BC942}") = "X0", "X0\X0.vcxproj", "{A50D3CC7-4B7A-4FA6-BC21-7F6B8A2DE58E}"
EndProject
Project("{8BC9CEB8-8B4A-11D0-8D11-00A0C91BC942}") = "Fifteenth", "Fifteenth\Fifteenth.vcxproj", "{FE7ABEEF-ABE2-4D5F-812E-F3ECFD2DCF98}"
EndProject
Project("{8BC9CEB8-8B4A-11D0-8D11-00A0C91BC942}") = "exam", "exam\exam.vcxproj", "{8DB57CBF-34B4-48BB-A023-C86AD22862F0}"
EndProject
Project("{8BC9CEB8-8B4A-11D0-8D11-00A0C91BC942}") = "Puzzle", "Puzzle\Puzzle.vcxproj", "{44682243-51D3-400C-A01C-7186EB015A99}"
EndProject
Global
	GlobalSection(SolutionConfigurationPlatforms) = preSolution
		Debug|x64 = Debug|x64
		Debug|x86 = Debug|x86
		Release|x64 = Release|x64
		Release|x86 = Release|x86
	EndGlobalSection
	GlobalSection(ProjectConfigurationPlatforms) = postSolution
		{96F46061-00E3-4D1A-8DF5-2C3D5F4F158C}.Debug|x64.ActiveCfg = Debug|x64
		{96F46061-00E3-4D1A-8DF5-2C3D5F4F158C}.Debug|x64.Build.0 = Debug|x64
		{96F46061-00E3-4D1A-8DF5-2C3D5F4F158C}.Debug|x86.ActiveCfg = Debug|Win32
		{96F46061-00E3-4D1A-8DF5-2C3D5F4F158C}.Debug|x86.Build.0 = Debug|Win32
		{96F46061-00E3-4D1A-8DF5-2C3D5F4F158C}.Release|x64.ActiveCfg = Release|x64
		{96F46061-00E3-4D1A-8DF5-2C3D5F4F158C}.Release|x64.Build.0 = Release|x64
		{96F46061-00E3-4D1A-8DF5-2C3D5F4F158C}.Release|x86.ActiveCfg = Release|Win32
		{96F46061-00E3-4D1A-8DF5-2C3D5F4F158C}.Release|x86.Build.0 = Release|Win32
		{274C4224-820B-4C04-A134-509D2E96D463}.Debug|x64.ActiveCfg = Debug|x64
		{274C4224-820B-4C04-A134-509D2E96D463}.Debug|x64.Build.0 = Debug|x64
		{274C4224-820B-4C04-A134-509D2E96D463}.Debug|x86.ActiveCfg = Debug|Win32
		{274C4224-820B-4C04-A134-509D2E96D463}.Debug|x86.Build.0 = Debug|Win32
		{274C4224-820B-4C04-A134-509D2E96D463}.Release|x64.ActiveCfg = Release|x64
		{274C4224-820B-4C04-A134-509D2E96D463}.Release|x64.Build.0 = Release|x64
		{274C4224-820B-4C04-A134-509D2E96D463}.Release|x86.ActiveCfg = Release|Win32
		{274C4224-820B-4C04-A134-509D2E96D463}.Release|x86.Build.0 = Release|Win32
		{3C53AB49-9C17-467C-9949-C4D5F6AA25AB}.Debug|x64.ActiveCfg = Debug|x64
		{3C53AB49-9C17-467C-9949-C4D5F6AA25AB}.Debug|x64.Build.0 = Debug|x64
		{3C53AB49-9C17-467C-9949-C4D5F6AA25AB}.Debug|x86.ActiveCfg = Debug|Win32
		{3C53AB49-9C17-467C-9949-C4D5F6AA25AB}.Debug|x86.Build.0 = Debug|Win32
		{3C53AB49-9C17-467C-9949-C4D5F6AA25AB}.Release|x64.ActiveCfg = Release|x64
		{3C53AB49-9C17-467C-9949-C4D5F6AA25AB}.Release|x64.Build.0 = Release|x64
		{3C53AB49-9C17-467C-9949-C4D5F6AA25AB}.Release|x86.ActiveCfg = Release|Win32
		{3C53AB49-9C17-467C-9949-C4D5F6AA25AB}.Release|x86.Build.0 = Release|Win32
		{FB0693C0-2AB0-41A7-8C67-C4B7F7B8B942}.Debug|x64.ActiveCfg = Debug|x64
		{FB0693C0-2AB0-41A7-8C67-C4B7F7B8B942}.Debug|x64.Build.0 = Debug|x64
		{FB0693C0-2AB0-41A7-8C67-C4B7F7B8B942}.Debug|x86.ActiveCfg = Debug|Win32
		{FB0693C0-2AB0-41A7-8C67-C4B7F7B8B942}.Debug|x86.Build.0 = Debug|Win32
		{FB0693C0-2AB0-41A7-8C67-C4B7F7B8B942}.Release|x64.ActiveCfg = Release|x64
		{FB0693C0-2AB0-41A7-8C67-C4B7F7B8B942}.Release|x64.Build.0 = Release|x64
		{FB0693C0-2AB0-41A7-8C67-C4B7F7B8B942}.Release|x86.ActiveCfg = Release|Win32
		{FB0693C0-2AB0-41A7-8C67-C4B7F7B8B942}.Release|x86.Build.0 = Release|Win32
		{A50D3CC7-4B7A-4FA6-BC21-7F6B8A2DE58E}.Debug|x64.ActiveCfg = Debug|x64
		{A50D3CC7-4B7A-4FA6-BC21-7F6B8A2DE58E}.Debug|x64.Build.0 = Debug|x64
		{A50D3CC7-4B7A-4FA6-BC21-7F6B8A2DE58E}.Debug|x86.ActiveCfg = Debug|Win32
		{A50D3CC7-4B7A-4FA6-BC21-7F6B8A2DE58E}.Debug|x86.Build.0 = Debug|Win32
		{A50D3CC7-4B7A-4FA6-BC21-7F6B8A2DE58E}.Release|x64.ActiveCfg = Release|x64
		{A50D3CC7-4B7A-4FA6-BC21-7F6B8A2DE58E}.Release|x64.Build.0 = Release|x64
		{A50D3CC7-4B7A-4FA6-BC21-7F6B8A2DE58E}.Release|x86.ActiveCfg = Release|Win32
		{A50D3CC7-4B7A-4FA6-BC21-7F6B8A2DE58E}.Release|x86.Build.0 = Release|Win32
		{FE7ABEEF-ABE2-4D5F-812E-F3ECFD2DCF98}.Debug|x64.ActiveCfg = Debug|x64
		{FE7ABEEF-ABE2-4D5F-812E-F3ECFD2DCF98}.Debug|x64.Build.0 = Debug|x64
		{FE7ABEEF-ABE2-4D5F-812E-F3ECFD2DCF98}.Debug|x86.ActiveCfg = Debug|Win32
		{FE7ABEEF-ABE2-4D5F-812E-F3ECFD2DCF98}.Debug|x86.Build.0 = Debug|Win32
		{FE7ABEEF-ABE2-4D5F-812E-F3ECFD2DCF98}.Release|x64.ActiveCfg = Release|x64
		{FE7ABEEF-ABE2-4D5F-812E-F3ECFD2DCF98}.Release|x64.Build.0 = Release|x64
		{FE7ABEEF-ABE2-4D5F-812E-F3ECFD2DCF98}.Release|x86.ActiveCfg = Release|Win32
		{FE7ABEEF-ABE2-4D5F-812E-F3ECFD2DCF98}.Release|x86.Build.0 = Release|Win32
		{8DB57CBF-34B4-48BB-A023-C86AD22862F0}.Debug|x64.ActiveCfg = Debug|x64
		{8DB57CBF-34B4-48BB-A023-C86AD22862F0}.Debug|x64.Build.0 = Debug|x64
		{8DB57CBF-34B4-48BB-A023-C86AD22862F0}.Debug|x86.ActiveCfg = Debug|Win32
		{8DB57CBF-34B4-48BB-A023-C86AD22862F0}.Debug|x86.Build.0 = Debug|Win32
		{8DB57CBF-34B4-48BB-A023-C86AD22862F0}.Release|x64.ActiveCfg = Release|x64
		{8DB57CBF-34B4-48BB-A023-C86AD22862F0}.Release|x64.Build.0 = Release|x64
		{8DB57CBF-34B4-48BB-A023-C86AD22862F0}.Release|x86.ActiveCfg = Release|Win32
		{8DB57CBF-34B4-48BB-A023-C86AD22862F0}.Release|x86.Build.0 = Release|Win32
		{44682243-51D3-400C-A01C-7186EB015A99}.Debug|x64.ActiveCfg = Debug|x64
		{44682243-51D3-400C-A01C-7186EB015A99}.Debug|x64.Build.0 = Debug|x64
		{44682243-51D3-400C-A01C-7186EB015A99}.Debug|x86.ActiveCfg = Debug|Win32
		{44682243-51D3-400C-A01C-7186EB015A99}.Debug|x86.Build.0 = Debug|Win32
		{44682243-51D3-400C-A01C-7186EB015A99}.Release|x64.ActiveCfg = Release|x64
		{44682243-51D3-400C-A01C-7186EB015A99}.Release|x64.Build.0 = Release|x64
		{44682243-51D3-400C-A01C-7186EB015A99}.Release|x86.ActiveCfg = Release|Win32
		{44682243-51D3-400C-A01C-7186EB015A99}.Release|x86.Build.0 = Release|Win32
	EndGlobalSection
	GlobalSection(SolutionProperties) = preSolution
		HideSolutionNode = FALSE
	EndGlobalSection
	GlobalSection(ExtensibilityGlobals) = postSolution
		SolutionGuid = {35488171-AD4A-4605-9989-2ED32E415928}
	EndGlobalSection
EndGlobal
